{
  "originHash" : "94ec4c90057edb8dbb4fb93760dbfd4b1a3870daeeea1cf287ba510980b5e6ae",
  "pins" : [
    {
      "identity" : "gzipswift",
      "kind" : "remoteSourceControl",
      "location" : "https://github.com/1024jp/GzipSwift.git",
      "state" : {
        "revision" : "56bf51fdd2fe4b2cf254b2cf34aede3d7caccc6c",
        "version" : "6.1.0"
      }
    },
    {
      "identity" : "http-client",
      "kind" : "remoteSourceControl",
      "location" : "https://github.com/zunda-pixel/http-client.git",
      "state" : {
        "revision" : "2a073b058e4c2ffc2810373ac98dc2eeb5974e5e",
        "version" : "0.3.1"
      }
    },
    {
      "identity" : "swift-http-types",
      "kind" : "remoteSourceControl",
      "location" : "https://github.com/apple/swift-http-types",
      "state" : {
        "revision" : "a0a57e949a8903563aba4615869310c0ebf14c03",
        "version" : "1.4.0"
      }
    }
  ],
  "version" : 3
}
